
Microsoft Visual Studio Solution File, Format Version 12.00
# Visual Studio 15
Project("{FAE04EC0-301F-11D3-BF4B-00C04F79EFBC}") = "Assembly-CSharp", "Assembly-CSharp.csproj", "{7A11CC66-71B9-3C56-EE6E-2C9970E34F4A}"
EndProject
Global
	GlobalSection(SolutionConfigurationPlatforms) = preSolution
		Debug|Any CPU = Debug|Any CPU
		Release|Any CPU = Release|Any CPU
	EndGlobalSection
	GlobalSection(ProjectConfigurationPlatforms) = postSolution
		{7A11CC66-71B9-3C56-EE6E-2C9970E34F4A}.Debug|Any CPU.ActiveCfg = Debug|Any CPU
		{7A11CC66-71B9-3C56-EE6E-2C9970E34F4A}.Debug|Any CPU.Build.0 = Debug|Any CPU
		{7A11CC66-71B9-3C56-EE6E-2C9970E34F4A}.Release|Any CPU.ActiveCfg = Release|Any CPU
		{7A11CC66-71B9-3C56-EE6E-2C9970E34F4A}.Release|Any CPU.Build.0 = Release|Any CPU
	EndGlobalSection
	GlobalSection(SolutionProperties) = preSolution
		HideSolutionNode = FALSE
	EndGlobalSection
EndGlobal
